PODS:
  - Flutter (1.0.0)
  - flutter_mpgs (0.0.1):
    - Flutter

DEPENDENCIES:
  - Flutter (from `.symlinks/flutter/ios`)
  - flutter_mpgs (from `.symlinks/plugins/flutter_mpgs/ios`)

EXTERNAL SOURCES:
  Flutter:
    :path: ".symlinks/flutter/ios"
  flutter_mpgs:
    :path: ".symlinks/plugins/flutter_mpgs/ios"

SPEC CHECKSUMS:
  Flutter: 0e3d915762c693b495b44d77113d4970485de6ec
  flutter_mpgs: 1eab2b0966809236339541f9af5cebe81b936f48

PODFILE CHECKSUM: b6a0a141693093b304368d08511b46cf3d1d0ac5

COCOAPODS: 1.8.4
